
Microsoft Visual Studio Solution File, Format Version 12.00
# Visual Studio Version 17
VisualStudioVersion = 17.7.34031.279
MinimumVisualStudioVersion = 10.0.40219.1
Project("{8BC9CEB8-8B4A-11D0-8D11-00A0C91BC942}") = "HW2_112318053", "HW2_112318053.vcxproj", "{F7DD8F6D-F651-4746-B333-4A41A899BB77}"
EndProject
Global
	GlobalSection(SolutionConfigurationPlatforms) = preSolution
		Debug|x64 = Debug|x64
		Debug|x86 = Debug|x86
		Release|x64 = Release|x64
		Release|x86 = Release|x86
	EndGlobalSection
	GlobalSection(ProjectConfigurationPlatforms) = postSolution
		{F7DD8F6D-F651-4746-B333-4A41A899BB77}.Debug|x64.ActiveCfg = Debug|x64
		{F7DD8F6D-F651-4746-B333-4A41A899BB77}.Debug|x64.Build.0 = Debug|x64
		{F7DD8F6D-F651-4746-B333-4A41A899BB77}.Debug|x86.ActiveCfg = Debug|Win32
		{F7DD8F6D-F651-4746-B333-4A41A899BB77}.Debug|x86.Build.0 = Debug|Win32
		{F7DD8F6D-F651-4746-B333-4A41A899BB77}.Release|x64.ActiveCfg = Release|x64
		{F7DD8F6D-F651-4746-B333-4A41A899BB77}.Release|x64.Build.0 = Release|x64
		{F7DD8F6D-F651-4746-B333-4A41A899BB77}.Release|x86.ActiveCfg = Release|Win32
		{F7DD8F6D-F651-4746-B333-4A41A899BB77}.Release|x86.Build.0 = Release|Win32
	EndGlobalSection
	GlobalSection(SolutionProperties) = preSolution
		HideSolutionNode = FALSE
	EndGlobalSection
	GlobalSection(ExtensibilityGlobals) = postSolution
		SolutionGuid = {C110C4DF-1EBF-4693-8257-38C4A166C830}
	EndGlobalSection
EndGlobal
